
Microsoft Visual Studio Solution File, Format Version 12.00
# Visual Studio Version 17
VisualStudioVersion = 17.9.34622.214
MinimumVisualStudioVersion = 10.0.40219.1
Project("{FAE04EC0-301F-11D3-BF4B-00C04F79EFBC}") = "RecipeApp", "RecipeApp\RecipeApp.csproj", "{122086AC-585C-4980-8A76-38C802938130}"
EndProject
Global
	GlobalSection(SolutionConfigurationPlatforms) = preSolution
		Debug|Any CPU = Debug|Any CPU
		Release|Any CPU = Release|Any CPU
	EndGlobalSection
	GlobalSection(ProjectConfigurationPlatforms) = postSolution
		{122086AC-585C-4980-8A76-38C802938130}.Debug|Any CPU.ActiveCfg = Debug|Any CPU
		{122086AC-585C-4980-8A76-38C802938130}.Debug|Any CPU.Build.0 = Debug|Any CPU
		{122086AC-585C-4980-8A76-38C802938130}.Release|Any CPU.ActiveCfg = Release|Any CPU
		{122086AC-585C-4980-8A76-38C802938130}.Release|Any CPU.Build.0 = Release|Any CPU
	EndGlobalSection
	GlobalSection(SolutionProperties) = preSolution
		HideSolutionNode = FALSE
	EndGlobalSection
	GlobalSection(ExtensibilityGlobals) = postSolution
		SolutionGuid = {C84446A3-419B-4F1C-A3B2-680370765DE1}
	EndGlobalSection
EndGlobal
